
Microsoft Visual Studio Solution File, Format Version 12.00
# Visual Studio 2012
Project("{FAE04EC0-301F-11D3-BF4B-00C04F79EFBC}") = "img", "img.csproj", "{456F03CD-5526-43F3-AB37-45F515D102C8}"
	ProjectSection(ProjectDependencies) = postProject
		{3ACC3437-2776-4044-AF79-81398FE41F65} = {3ACC3437-2776-4044-AF79-81398FE41F65}
		{C527E072-D397-40AE-A6BF-E740339CC230} = {C527E072-D397-40AE-A6BF-E740339CC230}
		{325A76AB-5185-432D-BE58-8C6DDA03C458} = {325A76AB-5185-432D-BE58-8C6DDA03C458}
		{DA82D8E1-AD54-4447-A6DE-318678E78A03} = {DA82D8E1-AD54-4447-A6DE-318678E78A03}
		{3A16FBE3-A73B-4FF7-8E93-9581964557DC} = {3A16FBE3-A73B-4FF7-8E93-9581964557DC}
	EndProjectSection
EndProject
Project("{2150E333-8FDC-42A3-9474-1A3956D46DE8}") = ".nuget", ".nuget", "{DCD3000D-DB7B-457C-990F-DD5F9D80BDD4}"
	ProjectSection(SolutionItems) = preProject
		.nuget\NuGet.Config = .nuget\NuGet.Config
		.nuget\NuGet.exe = .nuget\NuGet.exe
		.nuget\NuGet.targets = .nuget\NuGet.targets
	EndProjectSection
EndProject
Project("{2150E333-8FDC-42A3-9474-1A3956D46DE8}") = "Solution Items", "Solution Items", "{609931EB-7458-4A78-B5CF-B86A067ACDAF}"
EndProject
Project("{FAE04EC0-301F-11D3-BF4B-00C04F79EFBC}") = "MyLibrary", "..\MyLibrary\MyLibrary\MyLibrary.csproj", "{E80CF993-5E07-4875-85FE-A2ADCF76558D}"
EndProject
Project("{FAE04EC0-301F-11D3-BF4B-00C04F79EFBC}") = "MyCudafy", "..\MyCudafyLibrary\MyCudafy\MyCudafy.csproj", "{325A76AB-5185-432D-BE58-8C6DDA03C458}"
EndProject
Project("{FAE04EC0-301F-11D3-BF4B-00C04F79EFBC}") = "MyMath", "..\MyMathLibrary\MyMath\MyMath.csproj", "{5F759E1E-27BB-4127-AE22-D220F6AFBC71}"
EndProject
Project("{FAE04EC0-301F-11D3-BF4B-00C04F79EFBC}") = "MiniMax", "..\MiniMax\MiniMax\MiniMax.csproj", "{0ECE0FC2-DEB3-4F20-A2B8-64D0302387E7}"
EndProject
Project("{FAE04EC0-301F-11D3-BF4B-00C04F79EFBC}") = "MyFormula", "..\MiniMax\MyFormula\MyFormula.csproj", "{8B47C010-66F9-4CFD-9489-2BFF415EDC39}"
EndProject
Project("{8BC9CEB8-8B4A-11D0-8D11-00A0C91BC942}") = "mpimedianfilter", "mpimedianfilter\MpiMedianFilter.vcxproj", "{3A16FBE3-A73B-4FF7-8E93-9581964557DC}"
EndProject
Project("{8BC9CEB8-8B4A-11D0-8D11-00A0C91BC942}") = "cudagaussfilter", "cudagaussfilter\cudagaussfilter.vcxproj", "{DA82D8E1-AD54-4447-A6DE-318678E78A03}"
EndProject
Project("{8BC9CEB8-8B4A-11D0-8D11-00A0C91BC942}") = "cudamedianfilter", "cudamedianfilter\cudamedianfilter.vcxproj", "{C527E072-D397-40AE-A6BF-E740339CC230}"
EndProject
Project("{8BC9CEB8-8B4A-11D0-8D11-00A0C91BC942}") = "cudaboxfilter", "cudaboxfilter\cudaboxfilter.vcxproj", "{3ACC3437-2776-4044-AF79-81398FE41F65}"
EndProject
Project("{8BC9CEB8-8B4A-11D0-8D11-00A0C91BC942}") = "cudanonefilter", "cudanonefilter\cudanonefilter.vcxproj", "{A35A8C1D-A56D-4121-8A56-8ADD13BAE7AE}"
EndProject
Project("{8BC9CEB8-8B4A-11D0-8D11-00A0C91BC942}") = "cudaerosiondilationfilter", "cudaerosiondilationfilter\cudaerosiondilationfilter.vcxproj", "{0B13B0FE-DA75-4FB8-A0F6-E58C81292722}"
EndProject
Global
	GlobalSection(SolutionConfigurationPlatforms) = preSolution
		Debug|Any CPU = Debug|Any CPU
		Debug|Mixed Platforms = Debug|Mixed Platforms
		Debug|Win32 = Debug|Win32
		Debug|x64 = Debug|x64
		Debug|x86 = Debug|x86
		Release|Any CPU = Release|Any CPU
		Release|Mixed Platforms = Release|Mixed Platforms
		Release|Win32 = Release|Win32
		Release|x64 = Release|x64
		Release|x86 = Release|x86
	EndGlobalSection
	GlobalSection(ProjectConfigurationPlatforms) = postSolution
		{456F03CD-5526-43F3-AB37-45F515D102C8}.Debug|Any CPU.ActiveCfg = Debug|x86
		{456F03CD-5526-43F3-AB37-45F515D102C8}.Debug|Mixed Platforms.ActiveCfg = Debug|x64
		{456F03CD-5526-43F3-AB37-45F515D102C8}.Debug|Mixed Platforms.Build.0 = Debug|x64
		{456F03CD-5526-43F3-AB37-45F515D102C8}.Debug|Win32.ActiveCfg = Debug|x86
		{456F03CD-5526-43F3-AB37-45F515D102C8}.Debug|Win32.Build.0 = Debug|x86
		{456F03CD-5526-43F3-AB37-45F515D102C8}.Debug|x64.ActiveCfg = Debug|x64
		{456F03CD-5526-43F3-AB37-45F515D102C8}.Debug|x64.Build.0 = Debug|x64
		{456F03CD-5526-43F3-AB37-45F515D102C8}.Debug|x86.ActiveCfg = Debug|x86
		{456F03CD-5526-43F3-AB37-45F515D102C8}.Debug|x86.Build.0 = Debug|x86
		{456F03CD-5526-43F3-AB37-45F515D102C8}.Release|Any CPU.ActiveCfg = Release|x86
		{456F03CD-5526-43F3-AB37-45F515D102C8}.Release|Mixed Platforms.ActiveCfg = Release|x86
		{456F03CD-5526-43F3-AB37-45F515D102C8}.Release|Mixed Platforms.Build.0 = Release|x86
		{456F03CD-5526-43F3-AB37-45F515D102C8}.Release|Win32.ActiveCfg = Release|x86
		{456F03CD-5526-43F3-AB37-45F515D102C8}.Release|Win32.Build.0 = Release|x86
		{456F03CD-5526-43F3-AB37-45F515D102C8}.Release|x64.ActiveCfg = Release|x64
		{456F03CD-5526-43F3-AB37-45F515D102C8}.Release|x64.Build.0 = Release|x64
		{456F03CD-5526-43F3-AB37-45F515D102C8}.Release|x86.ActiveCfg = Release|x86
		{456F03CD-5526-43F3-AB37-45F515D102C8}.Release|x86.Build.0 = Release|x86
		{E80CF993-5E07-4875-85FE-A2ADCF76558D}.Debug|Any CPU.ActiveCfg = Debug|Any CPU
		{E80CF993-5E07-4875-85FE-A2ADCF76558D}.Debug|Any CPU.Build.0 = Debug|Any CPU
		{E80CF993-5E07-4875-85FE-A2ADCF76558D}.Debug|Mixed Platforms.ActiveCfg = Debug|x86
		{E80CF993-5E07-4875-85FE-A2ADCF76558D}.Debug|Mixed Platforms.Build.0 = Debug|x86
		{E80CF993-5E07-4875-85FE-A2ADCF76558D}.Debug|Win32.ActiveCfg = Debug|x86
		{E80CF993-5E07-4875-85FE-A2ADCF76558D}.Debug|Win32.Build.0 = Debug|x86
		{E80CF993-5E07-4875-85FE-A2ADCF76558D}.Debug|x64.ActiveCfg = Debug|x64
		{E80CF993-5E07-4875-85FE-A2ADCF76558D}.Debug|x64.Build.0 = Debug|x64
		{E80CF993-5E07-4875-85FE-A2ADCF76558D}.Debug|x86.ActiveCfg = Debug|x86
		{E80CF993-5E07-4875-85FE-A2ADCF76558D}.Debug|x86.Build.0 = Debug|x86
		{E80CF993-5E07-4875-85FE-A2ADCF76558D}.Release|Any CPU.ActiveCfg = Release|Any CPU
		{E80CF993-5E07-4875-85FE-A2ADCF76558D}.Release|Any CPU.Build.0 = Release|Any CPU
		{E80CF993-5E07-4875-85FE-A2ADCF76558D}.Release|Mixed Platforms.ActiveCfg = Release|x86
		{E80CF993-5E07-4875-85FE-A2ADCF76558D}.Release|Mixed Platforms.Build.0 = Release|x86
		{E80CF993-5E07-4875-85FE-A2ADCF76558D}.Release|Win32.ActiveCfg = Release|x86
		{E80CF993-5E07-4875-85FE-A2ADCF76558D}.Release|Win32.Build.0 = Release|x86
		{E80CF993-5E07-4875-85FE-A2ADCF76558D}.Release|x64.ActiveCfg = Release|x64
		{E80CF993-5E07-4875-85FE-A2ADCF76558D}.Release|x64.Build.0 = Release|x64
		{E80CF993-5E07-4875-85FE-A2ADCF76558D}.Release|x86.ActiveCfg = Release|x86
		{E80CF993-5E07-4875-85FE-A2ADCF76558D}.Release|x86.Build.0 = Release|x86
		{325A76AB-5185-432D-BE58-8C6DDA03C458}.Debug|Any CPU.ActiveCfg = Debug|Any CPU
		{325A76AB-5185-432D-BE58-8C6DDA03C458}.Debug|Any CPU.Build.0 = Debug|Any CPU
		{325A76AB-5185-432D-BE58-8C6DDA03C458}.Debug|Mixed Platforms.ActiveCfg = Debug|x86
		{325A76AB-5185-432D-BE58-8C6DDA03C458}.Debug|Mixed Platforms.Build.0 = Debug|x86
		{325A76AB-5185-432D-BE58-8C6DDA03C458}.Debug|Win32.ActiveCfg = Debug|x86
		{325A76AB-5185-432D-BE58-8C6DDA03C458}.Debug|Win32.Build.0 = Debug|x86
		{325A76AB-5185-432D-BE58-8C6DDA03C458}.Debug|x64.ActiveCfg = Debug|x64
		{325A76AB-5185-432D-BE58-8C6DDA03C458}.Debug|x64.Build.0 = Debug|x64
		{325A76AB-5185-432D-BE58-8C6DDA03C458}.Debug|x86.ActiveCfg = Debug|x86
		{325A76AB-5185-432D-BE58-8C6DDA03C458}.Debug|x86.Build.0 = Debug|x86
		{325A76AB-5185-432D-BE58-8C6DDA03C458}.Release|Any CPU.ActiveCfg = Release|Any CPU
		{325A76AB-5185-432D-BE58-8C6DDA03C458}.Release|Any CPU.Build.0 = Release|Any CPU
		{325A76AB-5185-432D-BE58-8C6DDA03C458}.Release|Mixed Platforms.ActiveCfg = Release|x86
		{325A76AB-5185-432D-BE58-8C6DDA03C458}.Release|Mixed Platforms.Build.0 = Release|x86
		{325A76AB-5185-432D-BE58-8C6DDA03C458}.Release|Win32.ActiveCfg = Release|x86
		{325A76AB-5185-432D-BE58-8C6DDA03C458}.Release|Win32.Build.0 = Release|x86
		{325A76AB-5185-432D-BE58-8C6DDA03C458}.Release|x64.ActiveCfg = Release|x64
		{325A76AB-5185-432D-BE58-8C6DDA03C458}.Release|x64.Build.0 = Release|x64
		{325A76AB-5185-432D-BE58-8C6DDA03C458}.Release|x86.ActiveCfg = Release|x86
		{325A76AB-5185-432D-BE58-8C6DDA03C458}.Release|x86.Build.0 = Release|x86
		{5F759E1E-27BB-4127-AE22-D220F6AFBC71}.Debug|Any CPU.ActiveCfg = Debug|Any CPU
		{5F759E1E-27BB-4127-AE22-D220F6AFBC71}.Debug|Any CPU.Build.0 = Debug|Any CPU
		{5F759E1E-27BB-4127-AE22-D220F6AFBC71}.Debug|Mixed Platforms.ActiveCfg = Debug|Any CPU
		{5F759E1E-27BB-4127-AE22-D220F6AFBC71}.Debug|Mixed Platforms.Build.0 = Debug|Any CPU
		{5F759E1E-27BB-4127-AE22-D220F6AFBC71}.Debug|Win32.ActiveCfg = Debug|Any CPU
		{5F759E1E-27BB-4127-AE22-D220F6AFBC71}.Debug|x64.ActiveCfg = Debug|x64
		{5F759E1E-27BB-4127-AE22-D220F6AFBC71}.Debug|x64.Build.0 = Debug|x64
		{5F759E1E-27BB-4127-AE22-D220F6AFBC71}.Debug|x86.ActiveCfg = Debug|x86
		{5F759E1E-27BB-4127-AE22-D220F6AFBC71}.Debug|x86.Build.0 = Debug|x86
		{5F759E1E-27BB-4127-AE22-D220F6AFBC71}.Release|Any CPU.ActiveCfg = Release|Any CPU
		{5F759E1E-27BB-4127-AE22-D220F6AFBC71}.Release|Any CPU.Build.0 = Release|Any CPU
		{5F759E1E-27BB-4127-AE22-D220F6AFBC71}.Release|Mixed Platforms.ActiveCfg = Release|Any CPU
		{5F759E1E-27BB-4127-AE22-D220F6AFBC71}.Release|Mixed Platforms.Build.0 = Release|Any CPU
		{5F759E1E-27BB-4127-AE22-D220F6AFBC71}.Release|Win32.ActiveCfg = Release|Any CPU
		{5F759E1E-27BB-4127-AE22-D220F6AFBC71}.Release|x64.ActiveCfg = Release|x64
		{5F759E1E-27BB-4127-AE22-D220F6AFBC71}.Release|x64.Build.0 = Release|x64
		{5F759E1E-27BB-4127-AE22-D220F6AFBC71}.Release|x86.ActiveCfg = Release|x86
		{5F759E1E-27BB-4127-AE22-D220F6AFBC71}.Release|x86.Build.0 = Release|x86
		{0ECE0FC2-DEB3-4F20-A2B8-64D0302387E7}.Debug|Any CPU.ActiveCfg = Debug|Any CPU
		{0ECE0FC2-DEB3-4F20-A2B8-64D0302387E7}.Debug|Any CPU.Build.0 = Debug|Any CPU
		{0ECE0FC2-DEB3-4F20-A2B8-64D0302387E7}.Debug|Mixed Platforms.ActiveCfg = Debug|Any CPU
		{0ECE0FC2-DEB3-4F20-A2B8-64D0302387E7}.Debug|Mixed Platforms.Build.0 = Debug|Any CPU
		{0ECE0FC2-DEB3-4F20-A2B8-64D0302387E7}.Debug|Win32.ActiveCfg = Debug|Any CPU
		{0ECE0FC2-DEB3-4F20-A2B8-64D0302387E7}.Debug|x64.ActiveCfg = Debug|x64
		{0ECE0FC2-DEB3-4F20-A2B8-64D0302387E7}.Debug|x64.Build.0 = Debug|x64
		{0ECE0FC2-DEB3-4F20-A2B8-64D0302387E7}.Debug|x86.ActiveCfg = Debug|x86
		{0ECE0FC2-DEB3-4F20-A2B8-64D0302387E7}.Debug|x86.Build.0 = Debug|x86
		{0ECE0FC2-DEB3-4F20-A2B8-64D0302387E7}.Release|Any CPU.ActiveCfg = Release|Any CPU
		{0ECE0FC2-DEB3-4F20-A2B8-64D0302387E7}.Release|Any CPU.Build.0 = Release|Any CPU
		{0ECE0FC2-DEB3-4F20-A2B8-64D0302387E7}.Release|Mixed Platforms.ActiveCfg = Release|Any CPU
		{0ECE0FC2-DEB3-4F20-A2B8-64D0302387E7}.Release|Mixed Platforms.Build.0 = Release|Any CPU
		{0ECE0FC2-DEB3-4F20-A2B8-64D0302387E7}.Release|Win32.ActiveCfg = Release|Any CPU
		{0ECE0FC2-DEB3-4F20-A2B8-64D0302387E7}.Release|x64.ActiveCfg = Release|x64
		{0ECE0FC2-DEB3-4F20-A2B8-64D0302387E7}.Release|x64.Build.0 = Release|x64
		{0ECE0FC2-DEB3-4F20-A2B8-64D0302387E7}.Release|x86.ActiveCfg = Release|x86
		{0ECE0FC2-DEB3-4F20-A2B8-64D0302387E7}.Release|x86.Build.0 = Release|x86
		{8B47C010-66F9-4CFD-9489-2BFF415EDC39}.Debug|Any CPU.ActiveCfg = Debug|Any CPU
		{8B47C010-66F9-4CFD-9489-2BFF415EDC39}.Debug|Any CPU.Build.0 = Debug|Any CPU
		{8B47C010-66F9-4CFD-9489-2BFF415EDC39}.Debug|Mixed Platforms.ActiveCfg = Debug|Any CPU
		{8B47C010-66F9-4CFD-9489-2BFF415EDC39}.Debug|Mixed Platforms.Build.0 = Debug|Any CPU
		{8B47C010-66F9-4CFD-9489-2BFF415EDC39}.Debug|Win32.ActiveCfg = Debug|Any CPU
		{8B47C010-66F9-4CFD-9489-2BFF415EDC39}.Debug|x64.ActiveCfg = Debug|x64
		{8B47C010-66F9-4CFD-9489-2BFF415EDC39}.Debug|x64.Build.0 = Debug|x64
		{8B47C010-66F9-4CFD-9489-2BFF415EDC39}.Debug|x86.ActiveCfg = Debug|x86
		{8B47C010-66F9-4CFD-9489-2BFF415EDC39}.Debug|x86.Build.0 = Debug|x86
		{8B47C010-66F9-4CFD-9489-2BFF415EDC39}.Release|Any CPU.ActiveCfg = Release|Any CPU
		{8B47C010-66F9-4CFD-9489-2BFF415EDC39}.Release|Any CPU.Build.0 = Release|Any CPU
		{8B47C010-66F9-4CFD-9489-2BFF415EDC39}.Release|Mixed Platforms.ActiveCfg = Release|Any CPU
		{8B47C010-66F9-4CFD-9489-2BFF415EDC39}.Release|Mixed Platforms.Build.0 = Release|Any CPU
		{8B47C010-66F9-4CFD-9489-2BFF415EDC39}.Release|Win32.ActiveCfg = Release|Any CPU
		{8B47C010-66F9-4CFD-9489-2BFF415EDC39}.Release|x64.ActiveCfg = Release|x64
		{8B47C010-66F9-4CFD-9489-2BFF415EDC39}.Release|x64.Build.0 = Release|x64
		{8B47C010-66F9-4CFD-9489-2BFF415EDC39}.Release|x86.ActiveCfg = Release|x86
		{8B47C010-66F9-4CFD-9489-2BFF415EDC39}.Release|x86.Build.0 = Release|x86
		{3A16FBE3-A73B-4FF7-8E93-9581964557DC}.Debug|Any CPU.ActiveCfg = Debug|Win32
		{3A16FBE3-A73B-4FF7-8E93-9581964557DC}.Debug|Mixed Platforms.ActiveCfg = Debug|Win32
		{3A16FBE3-A73B-4FF7-8E93-9581964557DC}.Debug|Mixed Platforms.Build.0 = Debug|Win32
		{3A16FBE3-A73B-4FF7-8E93-9581964557DC}.Debug|Win32.ActiveCfg = Debug|Win32
		{3A16FBE3-A73B-4FF7-8E93-9581964557DC}.Debug|Win32.Build.0 = Debug|Win32
		{3A16FBE3-A73B-4FF7-8E93-9581964557DC}.Debug|x64.ActiveCfg = Debug|x64
		{3A16FBE3-A73B-4FF7-8E93-9581964557DC}.Debug|x64.Build.0 = Debug|x64
		{3A16FBE3-A73B-4FF7-8E93-9581964557DC}.Debug|x86.ActiveCfg = Debug|Win32
		{3A16FBE3-A73B-4FF7-8E93-9581964557DC}.Debug|x86.Build.0 = Debug|Win32
		{3A16FBE3-A73B-4FF7-8E93-9581964557DC}.Release|Any CPU.ActiveCfg = Release|Win32
		{3A16FBE3-A73B-4FF7-8E93-9581964557DC}.Release|Mixed Platforms.ActiveCfg = Release|Win32
		{3A16FBE3-A73B-4FF7-8E93-9581964557DC}.Release|Mixed Platforms.Build.0 = Release|Win32
		{3A16FBE3-A73B-4FF7-8E93-9581964557DC}.Release|Win32.ActiveCfg = Release|Win32
		{3A16FBE3-A73B-4FF7-8E93-9581964557DC}.Release|Win32.Build.0 = Release|Win32
		{3A16FBE3-A73B-4FF7-8E93-9581964557DC}.Release|x64.ActiveCfg = Release|x64
		{3A16FBE3-A73B-4FF7-8E93-9581964557DC}.Release|x64.Build.0 = Release|x64
		{3A16FBE3-A73B-4FF7-8E93-9581964557DC}.Release|x86.ActiveCfg = Release|Win32
		{3A16FBE3-A73B-4FF7-8E93-9581964557DC}.Release|x86.Build.0 = Release|Win32
		{DA82D8E1-AD54-4447-A6DE-318678E78A03}.Debug|Any CPU.ActiveCfg = Debug|Win32
		{DA82D8E1-AD54-4447-A6DE-318678E78A03}.Debug|Mixed Platforms.ActiveCfg = Debug|Win32
		{DA82D8E1-AD54-4447-A6DE-318678E78A03}.Debug|Mixed Platforms.Build.0 = Debug|Win32
		{DA82D8E1-AD54-4447-A6DE-318678E78A03}.Debug|Win32.ActiveCfg = Debug|Win32
		{DA82D8E1-AD54-4447-A6DE-318678E78A03}.Debug|Win32.Build.0 = Debug|Win32
		{DA82D8E1-AD54-4447-A6DE-318678E78A03}.Debug|x64.ActiveCfg = Debug|x64
		{DA82D8E1-AD54-4447-A6DE-318678E78A03}.Debug|x64.Build.0 = Debug|x64
		{DA82D8E1-AD54-4447-A6DE-318678E78A03}.Debug|x86.ActiveCfg = Debug|Win32
		{DA82D8E1-AD54-4447-A6DE-318678E78A03}.Debug|x86.Build.0 = Debug|Win32
		{DA82D8E1-AD54-4447-A6DE-318678E78A03}.Release|Any CPU.ActiveCfg = Release|Win32
		{DA82D8E1-AD54-4447-A6DE-318678E78A03}.Release|Mixed Platforms.ActiveCfg = Release|Win32
		{DA82D8E1-AD54-4447-A6DE-318678E78A03}.Release|Mixed Platforms.Build.0 = Release|Win32
		{DA82D8E1-AD54-4447-A6DE-318678E78A03}.Release|Win32.ActiveCfg = Release|Win32
		{DA82D8E1-AD54-4447-A6DE-318678E78A03}.Release|Win32.Build.0 = Release|Win32
		{DA82D8E1-AD54-4447-A6DE-318678E78A03}.Release|x64.ActiveCfg = Release|x64
		{DA82D8E1-AD54-4447-A6DE-318678E78A03}.Release|x64.Build.0 = Release|x64
		{DA82D8E1-AD54-4447-A6DE-318678E78A03}.Release|x86.ActiveCfg = Release|Win32
		{DA82D8E1-AD54-4447-A6DE-318678E78A03}.Release|x86.Build.0 = Release|Win32
		{C527E072-D397-40AE-A6BF-E740339CC230}.Debug|Any CPU.ActiveCfg = Debug|Win32
		{C527E072-D397-40AE-A6BF-E740339CC230}.Debug|Mixed Platforms.ActiveCfg = Debug|Win32
		{C527E072-D397-40AE-A6BF-E740339CC230}.Debug|Mixed Platforms.Build.0 = Debug|Win32
		{C527E072-D397-40AE-A6BF-E740339CC230}.Debug|Win32.ActiveCfg = Debug|Win32
		{C527E072-D397-40AE-A6BF-E740339CC230}.Debug|Win32.Build.0 = Debug|Win32
		{C527E072-D397-40AE-A6BF-E740339CC230}.Debug|x64.ActiveCfg = Debug|x64
		{C527E072-D397-40AE-A6BF-E740339CC230}.Debug|x64.Build.0 = Debug|x64
		{C527E072-D397-40AE-A6BF-E740339CC230}.Debug|x86.ActiveCfg = Debug|Win32
		{C527E072-D397-40AE-A6BF-E740339CC230}.Debug|x86.Build.0 = Debug|Win32
		{C527E072-D397-40AE-A6BF-E740339CC230}.Release|Any CPU.ActiveCfg = Release|Win32
		{C527E072-D397-40AE-A6BF-E740339CC230}.Release|Mixed Platforms.ActiveCfg = Release|Win32
		{C527E072-D397-40AE-A6BF-E740339CC230}.Release|Mixed Platforms.Build.0 = Release|Win32
		{C527E072-D397-40AE-A6BF-E740339CC230}.Release|Win32.ActiveCfg = Release|Win32
		{C527E072-D397-40AE-A6BF-E740339CC230}.Release|Win32.Build.0 = Release|Win32
		{C527E072-D397-40AE-A6BF-E740339CC230}.Release|x64.ActiveCfg = Release|x64
		{C527E072-D397-40AE-A6BF-E740339CC230}.Release|x64.Build.0 = Release|x64
		{C527E072-D397-40AE-A6BF-E740339CC230}.Release|x86.ActiveCfg = Release|Win32
		{C527E072-D397-40AE-A6BF-E740339CC230}.Release|x86.Build.0 = Release|Win32
		{3ACC3437-2776-4044-AF79-81398FE41F65}.Debug|Any CPU.ActiveCfg = Debug|Win32
		{3ACC3437-2776-4044-AF79-81398FE41F65}.Debug|Mixed Platforms.ActiveCfg = Debug|Win32
		{3ACC3437-2776-4044-AF79-81398FE41F65}.Debug|Mixed Platforms.Build.0 = Debug|Win32
		{3ACC3437-2776-4044-AF79-81398FE41F65}.Debug|Win32.ActiveCfg = Debug|Win32
		{3ACC3437-2776-4044-AF79-81398FE41F65}.Debug|Win32.Build.0 = Debug|Win32
		{3ACC3437-2776-4044-AF79-81398FE41F65}.Debug|x64.ActiveCfg = Debug|x64
		{3ACC3437-2776-4044-AF79-81398FE41F65}.Debug|x64.Build.0 = Debug|x64
		{3ACC3437-2776-4044-AF79-81398FE41F65}.Debug|x86.ActiveCfg = Debug|Win32
		{3ACC3437-2776-4044-AF79-81398FE41F65}.Debug|x86.Build.0 = Debug|Win32
		{3ACC3437-2776-4044-AF79-81398FE41F65}.Release|Any CPU.ActiveCfg = Release|Win32
		{3ACC3437-2776-4044-AF79-81398FE41F65}.Release|Mixed Platforms.ActiveCfg = Release|Win32
		{3ACC3437-2776-4044-AF79-81398FE41F65}.Release|Mixed Platforms.Build.0 = Release|Win32
		{3ACC3437-2776-4044-AF79-81398FE41F65}.Release|Win32.ActiveCfg = Release|Win32
		{3ACC3437-2776-4044-AF79-81398FE41F65}.Release|Win32.Build.0 = Release|Win32
		{3ACC3437-2776-4044-AF79-81398FE41F65}.Release|x64.ActiveCfg = Release|x64
		{3ACC3437-2776-4044-AF79-81398FE41F65}.Release|x64.Build.0 = Release|x64
		{3ACC3437-2776-4044-AF79-81398FE41F65}.Release|x86.ActiveCfg = Release|Win32
		{3ACC3437-2776-4044-AF79-81398FE41F65}.Release|x86.Build.0 = Release|Win32
		{A35A8C1D-A56D-4121-8A56-8ADD13BAE7AE}.Debug|Any CPU.ActiveCfg = Debug|Win32
		{A35A8C1D-A56D-4121-8A56-8ADD13BAE7AE}.Debug|Mixed Platforms.ActiveCfg = Debug|Win32
		{A35A8C1D-A56D-4121-8A56-8ADD13BAE7AE}.Debug|Mixed Platforms.Build.0 = Debug|Win32
		{A35A8C1D-A56D-4121-8A56-8ADD13BAE7AE}.Debug|Win32.ActiveCfg = Debug|Win32
		{A35A8C1D-A56D-4121-8A56-8ADD13BAE7AE}.Debug|Win32.Build.0 = Debug|Win32
		{A35A8C1D-A56D-4121-8A56-8ADD13BAE7AE}.Debug|x64.ActiveCfg = Debug|x64
		{A35A8C1D-A56D-4121-8A56-8ADD13BAE7AE}.Debug|x64.Build.0 = Debug|x64
		{A35A8C1D-A56D-4121-8A56-8ADD13BAE7AE}.Debug|x86.ActiveCfg = Debug|Win32
		{A35A8C1D-A56D-4121-8A56-8ADD13BAE7AE}.Debug|x86.Build.0 = Debug|Win32
		{A35A8C1D-A56D-4121-8A56-8ADD13BAE7AE}.Release|Any CPU.ActiveCfg = Release|Win32
		{A35A8C1D-A56D-4121-8A56-8ADD13BAE7AE}.Release|Mixed Platforms.ActiveCfg = Release|Win32
		{A35A8C1D-A56D-4121-8A56-8ADD13BAE7AE}.Release|Mixed Platforms.Build.0 = Release|Win32
		{A35A8C1D-A56D-4121-8A56-8ADD13BAE7AE}.Release|Win32.ActiveCfg = Release|Win32
		{A35A8C1D-A56D-4121-8A56-8ADD13BAE7AE}.Release|Win32.Build.0 = Release|Win32
		{A35A8C1D-A56D-4121-8A56-8ADD13BAE7AE}.Release|x64.ActiveCfg = Release|x64
		{A35A8C1D-A56D-4121-8A56-8ADD13BAE7AE}.Release|x64.Build.0 = Release|x64
		{A35A8C1D-A56D-4121-8A56-8ADD13BAE7AE}.Release|x86.ActiveCfg = Release|Win32
		{A35A8C1D-A56D-4121-8A56-8ADD13BAE7AE}.Release|x86.Build.0 = Release|Win32
		{0B13B0FE-DA75-4FB8-A0F6-E58C81292722}.Debug|Any CPU.ActiveCfg = Debug|Win32
		{0B13B0FE-DA75-4FB8-A0F6-E58C81292722}.Debug|Mixed Platforms.ActiveCfg = Debug|Win32
		{0B13B0FE-DA75-4FB8-A0F6-E58C81292722}.Debug|Mixed Platforms.Build.0 = Debug|Win32
		{0B13B0FE-DA75-4FB8-A0F6-E58C81292722}.Debug|Win32.ActiveCfg = Debug|Win32
		{0B13B0FE-DA75-4FB8-A0F6-E58C81292722}.Debug|Win32.Build.0 = Debug|Win32
		{0B13B0FE-DA75-4FB8-A0F6-E58C81292722}.Debug|x64.ActiveCfg = Debug|x64
		{0B13B0FE-DA75-4FB8-A0F6-E58C81292722}.Debug|x64.Build.0 = Debug|x64
		{0B13B0FE-DA75-4FB8-A0F6-E58C81292722}.Debug|x86.ActiveCfg = Debug|Win32
		{0B13B0FE-DA75-4FB8-A0F6-E58C81292722}.Debug|x86.Build.0 = Debug|Win32
		{0B13B0FE-DA75-4FB8-A0F6-E58C81292722}.Release|Any CPU.ActiveCfg = Release|Win32
		{0B13B0FE-DA75-4FB8-A0F6-E58C81292722}.Release|Mixed Platforms.ActiveCfg = Release|Win32
		{0B13B0FE-DA75-4FB8-A0F6-E58C81292722}.Release|Mixed Platforms.Build.0 = Release|Win32
		{0B13B0FE-DA75-4FB8-A0F6-E58C81292722}.Release|Win32.ActiveCfg = Release|Win32
		{0B13B0FE-DA75-4FB8-A0F6-E58C81292722}.Release|Win32.Build.0 = Release|Win32
		{0B13B0FE-DA75-4FB8-A0F6-E58C81292722}.Release|x64.ActiveCfg = Release|x64
		{0B13B0FE-DA75-4FB8-A0F6-E58C81292722}.Release|x64.Build.0 = Release|x64
		{0B13B0FE-DA75-4FB8-A0F6-E58C81292722}.Release|x86.ActiveCfg = Release|Win32
		{0B13B0FE-DA75-4FB8-A0F6-E58C81292722}.Release|x86.Build.0 = Release|Win32
	EndGlobalSection
	GlobalSection(SolutionProperties) = preSolution
		HideSolutionNode = FALSE
	EndGlobalSection
EndGlobal
